
Microsoft Visual Studio Solution File, Format Version 12.00
Project("{FAE04EC0-301F-11D3-BF4B-00C04F79EFBC}") = "WavLength.Api", "WavLength.Api\WavLength.Api.csproj", "{AFA1E218-F3F4-442B-B2A3-92B7096847C7}"
EndProject
Global
	GlobalSection(SolutionConfigurationPlatforms) = preSolution
		Debug|Any CPU = Debug|Any CPU
		Release|Any CPU = Release|Any CPU
	EndGlobalSection
	GlobalSection(ProjectConfigurationPlatforms) = postSolution
		{AFA1E218-F3F4-442B-B2A3-92B7096847C7}.Debug|Any CPU.ActiveCfg = Debug|Any CPU
		{AFA1E218-F3F4-442B-B2A3-92B7096847C7}.Debug|Any CPU.Build.0 = Debug|Any CPU
		{AFA1E218-F3F4-442B-B2A3-92B7096847C7}.Release|Any CPU.ActiveCfg = Release|Any CPU
		{AFA1E218-F3F4-442B-B2A3-92B7096847C7}.Release|Any CPU.Build.0 = Release|Any CPU
	EndGlobalSection
EndGlobal
